
Microsoft Visual Studio Solution File, Format Version 12.00
# Visual Studio Version 17
VisualStudioVersion = 17.3.32929.385
MinimumVisualStudioVersion = 10.0.40219.1
Project("{FAE04EC0-301F-11D3-BF4B-00C04F79EFBC}") = "WindowsEFEscuela", "WindowsEFEscuela\WindowsEFEscuela.csproj", "{1D548059-4529-4A88-B4B4-5534A341A74A}"
EndProject
Project("{FAE04EC0-301F-11D3-BF4B-00C04F79EFBC}") = "WindowsAppPubs", "WindowsAppPubs\WindowsAppPubs.csproj", "{EA2370FC-00F5-40C4-94D3-569F447E88AD}"
EndProject
Global
	GlobalSection(SolutionConfigurationPlatforms) = preSolution
		Debug|Any CPU = Debug|Any CPU
		Release|Any CPU = Release|Any CPU
	EndGlobalSection
	GlobalSection(ProjectConfigurationPlatforms) = postSolution
		{1D548059-4529-4A88-B4B4-5534A341A74A}.Debug|Any CPU.ActiveCfg = Debug|Any CPU
		{1D548059-4529-4A88-B4B4-5534A341A74A}.Debug|Any CPU.Build.0 = Debug|Any CPU
		{1D548059-4529-4A88-B4B4-5534A341A74A}.Release|Any CPU.ActiveCfg = Release|Any CPU
		{1D548059-4529-4A88-B4B4-5534A341A74A}.Release|Any CPU.Build.0 = Release|Any CPU
		{EA2370FC-00F5-40C4-94D3-569F447E88AD}.Debug|Any CPU.ActiveCfg = Debug|Any CPU
		{EA2370FC-00F5-40C4-94D3-569F447E88AD}.Debug|Any CPU.Build.0 = Debug|Any CPU
		{EA2370FC-00F5-40C4-94D3-569F447E88AD}.Release|Any CPU.ActiveCfg = Release|Any CPU
		{EA2370FC-00F5-40C4-94D3-569F447E88AD}.Release|Any CPU.Build.0 = Release|Any CPU
	EndGlobalSection
	GlobalSection(SolutionProperties) = preSolution
		HideSolutionNode = FALSE
	EndGlobalSection
	GlobalSection(ExtensibilityGlobals) = postSolution
		SolutionGuid = {0C76FA82-AA13-4182-A611-AA94300DC673}
	EndGlobalSection
EndGlobal
